
Microsoft Visual Studio Solution File, Format Version 12.00
# Visual Studio Version 17
VisualStudioVersion = 17.5.33530.505
MinimumVisualStudioVersion = 10.0.40219.1
Project("{2150E333-8FDC-42A3-9474-1A3956D46DE8}") = "Lib", "Lib", "{15782BCF-EF01-4F8D-B610-D64861E5D5C4}"
EndProject
Project("{9A19103F-16F7-4668-BE54-9A1E7A4F7556}") = "Core.DataKit", "Lib\Core.DataKit\Core.DataKit.csproj", "{50FE2BAE-9FC3-4C03-AEC0-CC3F16CDE0E0}"
EndProject
Project("{9A19103F-16F7-4668-BE54-9A1E7A4F7556}") = "Core.Cqrs", "Lib\Core.Cqrs\Core.Cqrs.csproj", "{11AE861E-B323-4581-8A2D-73400084827C}"
EndProject
Project("{2150E333-8FDC-42A3-9474-1A3956D46DE8}") = "Extensions", "Extensions", "{11DF57E9-66A5-477F-BD9A-39CA6BCA1A03}"
EndProject
Project("{9A19103F-16F7-4668-BE54-9A1E7A4F7556}") = "Core.Expressions", "Lib\Extensions\Expressions\Core.Expressions.csproj", "{CE6CD178-CFAC-4463-BC4E-F6509DE4DE2A}"
EndProject
Project("{9A19103F-16F7-4668-BE54-9A1E7A4F7556}") = "Core.HTTP", "Lib\Core.HTTP\Core.HTTP.csproj", "{189B8248-F514-4BEC-9110-847962AED57B}"
EndProject
Project("{9A19103F-16F7-4668-BE54-9A1E7A4F7556}") = "TheWayToGerman.Core", "TheWayToGerman\TheWayToGerman.Core\TheWayToGerman.Core.csproj", "{DCDC7163-0E22-4C34-B4D4-A5D0B1CD231C}"
EndProject
Project("{9A19103F-16F7-4668-BE54-9A1E7A4F7556}") = "TheWayToGerman.Logic", "TheWayToGerman\TheWayToGerman.Logic\TheWayToGerman.Logic.csproj", "{3E138A5A-B7CE-4E52-9093-9772D415EE8E}"
EndProject
Project("{9A19103F-16F7-4668-BE54-9A1E7A4F7556}") = "TheWayToGerman.Api", "TheWayToGerman\TheWayToGerman.Api\TheWayToGerman.Api.csproj", "{37763AF1-55D3-4A62-9C46-236B22AF2708}"
EndProject
Project("{9A19103F-16F7-4668-BE54-9A1E7A4F7556}") = "TheWayToGerman.DataAccess", "TheWayToGerman\TheWayToGerman.DataAccess\TheWayToGerman.DataAccess.csproj", "{9AEE02B9-0A22-43E6-B8B1-F57962D7B4F3}"
EndProject
Project("{E53339B2-1760-4266-BCC7-CA923CBCF16C}") = "docker-compose", "docker-compose.dcproj", "{2A955E68-4175-4AEB-8AC3-D5976D2FCABE}"
EndProject
Project("{2150E333-8FDC-42A3-9474-1A3956D46DE8}") = "Test", "Test", "{A6A6BA86-8259-4FC9-9E4A-2575E66B1C75}"
EndProject
Project("{9A19103F-16F7-4668-BE54-9A1E7A4F7556}") = "UnitTest", "Tests\UnitTest\UnitTest.csproj", "{7B79484C-5DEB-4DB4-9ED5-7DDF031F7032}"
EndProject
Project("{9A19103F-16F7-4668-BE54-9A1E7A4F7556}") = "IntegrationTest", "Tests\IntegrationTest\IntegrationTest.csproj", "{E9432921-0921-44E7-8F4D-00840CF6804E}"
EndProject
Project("{2150E333-8FDC-42A3-9474-1A3956D46DE8}") = "Solution Items", "Solution Items", "{F5E7DFC7-C40C-4CBC-9C55-C66EA86C0E4C}"
	ProjectSection(SolutionItems) = preProject
		README.md = README.md
		TheWayToGerman\TheWayToGerman.postman_collection.json = TheWayToGerman\TheWayToGerman.postman_collection.json
	EndProjectSection
EndProject
Global
	GlobalSection(SolutionConfigurationPlatforms) = preSolution
		Debug|Any CPU = Debug|Any CPU
		Release|Any CPU = Release|Any CPU
	EndGlobalSection
	GlobalSection(ProjectConfigurationPlatforms) = postSolution
		{50FE2BAE-9FC3-4C03-AEC0-CC3F16CDE0E0}.Debug|Any CPU.ActiveCfg = Debug|Any CPU
		{50FE2BAE-9FC3-4C03-AEC0-CC3F16CDE0E0}.Debug|Any CPU.Build.0 = Debug|Any CPU
		{50FE2BAE-9FC3-4C03-AEC0-CC3F16CDE0E0}.Release|Any CPU.ActiveCfg = Release|Any CPU
		{50FE2BAE-9FC3-4C03-AEC0-CC3F16CDE0E0}.Release|Any CPU.Build.0 = Release|Any CPU
		{11AE861E-B323-4581-8A2D-73400084827C}.Debug|Any CPU.ActiveCfg = Debug|Any CPU
		{11AE861E-B323-4581-8A2D-73400084827C}.Debug|Any CPU.Build.0 = Debug|Any CPU
		{11AE861E-B323-4581-8A2D-73400084827C}.Release|Any CPU.ActiveCfg = Release|Any CPU
		{11AE861E-B323-4581-8A2D-73400084827C}.Release|Any CPU.Build.0 = Release|Any CPU
		{CE6CD178-CFAC-4463-BC4E-F6509DE4DE2A}.Debug|Any CPU.ActiveCfg = Debug|Any CPU
		{CE6CD178-CFAC-4463-BC4E-F6509DE4DE2A}.Debug|Any CPU.Build.0 = Debug|Any CPU
		{CE6CD178-CFAC-4463-BC4E-F6509DE4DE2A}.Release|Any CPU.ActiveCfg = Release|Any CPU
		{CE6CD178-CFAC-4463-BC4E-F6509DE4DE2A}.Release|Any CPU.Build.0 = Release|Any CPU
		{189B8248-F514-4BEC-9110-847962AED57B}.Debug|Any CPU.ActiveCfg = Debug|Any CPU
		{189B8248-F514-4BEC-9110-847962AED57B}.Debug|Any CPU.Build.0 = Debug|Any CPU
		{189B8248-F514-4BEC-9110-847962AED57B}.Release|Any CPU.ActiveCfg = Release|Any CPU
		{189B8248-F514-4BEC-9110-847962AED57B}.Release|Any CPU.Build.0 = Release|Any CPU
		{DCDC7163-0E22-4C34-B4D4-A5D0B1CD231C}.Debug|Any CPU.ActiveCfg = Debug|Any CPU
		{DCDC7163-0E22-4C34-B4D4-A5D0B1CD231C}.Debug|Any CPU.Build.0 = Debug|Any CPU
		{DCDC7163-0E22-4C34-B4D4-A5D0B1CD231C}.Release|Any CPU.ActiveCfg = Release|Any CPU
		{DCDC7163-0E22-4C34-B4D4-A5D0B1CD231C}.Release|Any CPU.Build.0 = Release|Any CPU
		{3E138A5A-B7CE-4E52-9093-9772D415EE8E}.Debug|Any CPU.ActiveCfg = Debug|Any CPU
		{3E138A5A-B7CE-4E52-9093-9772D415EE8E}.Debug|Any CPU.Build.0 = Debug|Any CPU
		{3E138A5A-B7CE-4E52-9093-9772D415EE8E}.Release|Any CPU.ActiveCfg = Release|Any CPU
		{3E138A5A-B7CE-4E52-9093-9772D415EE8E}.Release|Any CPU.Build.0 = Release|Any CPU
		{37763AF1-55D3-4A62-9C46-236B22AF2708}.Debug|Any CPU.ActiveCfg = Debug|Any CPU
		{37763AF1-55D3-4A62-9C46-236B22AF2708}.Debug|Any CPU.Build.0 = Debug|Any CPU
		{37763AF1-55D3-4A62-9C46-236B22AF2708}.Release|Any CPU.ActiveCfg = Release|Any CPU
		{37763AF1-55D3-4A62-9C46-236B22AF2708}.Release|Any CPU.Build.0 = Release|Any CPU
		{9AEE02B9-0A22-43E6-B8B1-F57962D7B4F3}.Debug|Any CPU.ActiveCfg = Debug|Any CPU
		{9AEE02B9-0A22-43E6-B8B1-F57962D7B4F3}.Debug|Any CPU.Build.0 = Debug|Any CPU
		{9AEE02B9-0A22-43E6-B8B1-F57962D7B4F3}.Release|Any CPU.ActiveCfg = Release|Any CPU
		{9AEE02B9-0A22-43E6-B8B1-F57962D7B4F3}.Release|Any CPU.Build.0 = Release|Any CPU
		{2A955E68-4175-4AEB-8AC3-D5976D2FCABE}.Debug|Any CPU.ActiveCfg = Debug|Any CPU
		{2A955E68-4175-4AEB-8AC3-D5976D2FCABE}.Debug|Any CPU.Build.0 = Debug|Any CPU
		{2A955E68-4175-4AEB-8AC3-D5976D2FCABE}.Release|Any CPU.ActiveCfg = Release|Any CPU
		{2A955E68-4175-4AEB-8AC3-D5976D2FCABE}.Release|Any CPU.Build.0 = Release|Any CPU
		{7B79484C-5DEB-4DB4-9ED5-7DDF031F7032}.Debug|Any CPU.ActiveCfg = Debug|Any CPU
		{7B79484C-5DEB-4DB4-9ED5-7DDF031F7032}.Debug|Any CPU.Build.0 = Debug|Any CPU
		{7B79484C-5DEB-4DB4-9ED5-7DDF031F7032}.Release|Any CPU.ActiveCfg = Release|Any CPU
		{7B79484C-5DEB-4DB4-9ED5-7DDF031F7032}.Release|Any CPU.Build.0 = Release|Any CPU
		{E9432921-0921-44E7-8F4D-00840CF6804E}.Debug|Any CPU.ActiveCfg = Debug|Any CPU
		{E9432921-0921-44E7-8F4D-00840CF6804E}.Debug|Any CPU.Build.0 = Debug|Any CPU
		{E9432921-0921-44E7-8F4D-00840CF6804E}.Release|Any CPU.ActiveCfg = Release|Any CPU
		{E9432921-0921-44E7-8F4D-00840CF6804E}.Release|Any CPU.Build.0 = Release|Any CPU
	EndGlobalSection
	GlobalSection(SolutionProperties) = preSolution
		HideSolutionNode = FALSE
	EndGlobalSection
	GlobalSection(NestedProjects) = preSolution
		{50FE2BAE-9FC3-4C03-AEC0-CC3F16CDE0E0} = {15782BCF-EF01-4F8D-B610-D64861E5D5C4}
		{11AE861E-B323-4581-8A2D-73400084827C} = {15782BCF-EF01-4F8D-B610-D64861E5D5C4}
		{11DF57E9-66A5-477F-BD9A-39CA6BCA1A03} = {15782BCF-EF01-4F8D-B610-D64861E5D5C4}
		{CE6CD178-CFAC-4463-BC4E-F6509DE4DE2A} = {11DF57E9-66A5-477F-BD9A-39CA6BCA1A03}
		{189B8248-F514-4BEC-9110-847962AED57B} = {15782BCF-EF01-4F8D-B610-D64861E5D5C4}
		{7B79484C-5DEB-4DB4-9ED5-7DDF031F7032} = {A6A6BA86-8259-4FC9-9E4A-2575E66B1C75}
		{E9432921-0921-44E7-8F4D-00840CF6804E} = {A6A6BA86-8259-4FC9-9E4A-2575E66B1C75}
	EndGlobalSection
	GlobalSection(ExtensibilityGlobals) = postSolution
		SolutionGuid = {1715B598-B667-4812-8598-BFE42AE81707}
	EndGlobalSection
EndGlobal
