
Microsoft Visual Studio Solution File, Format Version 12.00
# Visual Studio Version 17
VisualStudioVersion = 17.5.33530.505
MinimumVisualStudioVersion = 10.0.40219.1
Project("{FAE04EC0-301F-11D3-BF4B-00C04F79EFBC}") = "TheWayToGerman", "TheWayToGerman\TheWayToGerman.csproj", "{D02042BD-8B6C-4A3D-8FCD-C359EE717A0A}"
EndProject
Global
	GlobalSection(SolutionConfigurationPlatforms) = preSolution
		Debug|Any CPU = Debug|Any CPU
		Release|Any CPU = Release|Any CPU
	EndGlobalSection
	GlobalSection(ProjectConfigurationPlatforms) = postSolution
		{D02042BD-8B6C-4A3D-8FCD-C359EE717A0A}.Debug|Any CPU.ActiveCfg = Debug|Any CPU
		{D02042BD-8B6C-4A3D-8FCD-C359EE717A0A}.Debug|Any CPU.Build.0 = Debug|Any CPU
		{D02042BD-8B6C-4A3D-8FCD-C359EE717A0A}.Release|Any CPU.ActiveCfg = Release|Any CPU
		{D02042BD-8B6C-4A3D-8FCD-C359EE717A0A}.Release|Any CPU.Build.0 = Release|Any CPU
	EndGlobalSection
	GlobalSection(SolutionProperties) = preSolution
		HideSolutionNode = FALSE
	EndGlobalSection
	GlobalSection(ExtensibilityGlobals) = postSolution
		SolutionGuid = {1715B598-B667-4812-8598-BFE42AE81707}
	EndGlobalSection
EndGlobal
